
Microsoft Visual Studio Solution File, Format Version 12.00
# Visual Studio Version 17
VisualStudioVersion = 17.5.001.0
MinimumVisualStudioVersion = 10.0.40219.1
Project("{9A19103F-16F7-4668-BE54-9A1E7A4F7556}") = "ODataAPI", "ODataAPI.csproj", "{97EDAFAE-A4A4-42A8-A15B-270E80D0E7B2}"
EndProject
Global
	GlobalSection(SolutionConfigurationPlatforms) = preSolution
		Debug|Any CPU = Debug|Any CPU
		Release|Any CPU = Release|Any CPU
	EndGlobalSection
	GlobalSection(ProjectConfigurationPlatforms) = postSolution
		{97EDAFAE-A4A4-42A8-A15B-270E80D0E7B2}.Debug|Any CPU.ActiveCfg = Debug|Any CPU
		{97EDAFAE-A4A4-42A8-A15B-270E80D0E7B2}.Debug|Any CPU.Build.0 = Debug|Any CPU
		{97EDAFAE-A4A4-42A8-A15B-270E80D0E7B2}.Release|Any CPU.ActiveCfg = Release|Any CPU
		{97EDAFAE-A4A4-42A8-A15B-270E80D0E7B2}.Release|Any CPU.Build.0 = Release|Any CPU
	EndGlobalSection
	GlobalSection(SolutionProperties) = preSolution
		HideSolutionNode = FALSE
	EndGlobalSection
	GlobalSection(ExtensibilityGlobals) = postSolution
		SolutionGuid = {E38D420A-D01B-4818-ABAE-3651CC4004B8}
	EndGlobalSection
EndGlobal
